
Microsoft Visual Studio Solution File, Format Version 12.00
# Visual Studio Version 16
VisualStudioVersion = 16.0.29519.181
MinimumVisualStudioVersion = 10.0.40219.1
Project("{FAE04EC0-301F-11D3-BF4B-00C04F79EFBC}") = "MedicinCentre", "MedicinCentre.csproj", "{FAD17D71-4A2A-4D58-8B8B-3C40FDF99AED}"
EndProject
Global
	GlobalSection(SolutionConfigurationPlatforms) = preSolution
		Debug|Any CPU = Debug|Any CPU
		Release|Any CPU = Release|Any CPU
	EndGlobalSection
	GlobalSection(ProjectConfigurationPlatforms) = postSolution
		{FAD17D71-4A2A-4D58-8B8B-3C40FDF99AED}.Debug|Any CPU.ActiveCfg = Debug|Any CPU
		{FAD17D71-4A2A-4D58-8B8B-3C40FDF99AED}.Debug|Any CPU.Build.0 = Debug|Any CPU
		{FAD17D71-4A2A-4D58-8B8B-3C40FDF99AED}.Release|Any CPU.ActiveCfg = Release|Any CPU
		{FAD17D71-4A2A-4D58-8B8B-3C40FDF99AED}.Release|Any CPU.Build.0 = Release|Any CPU
	EndGlobalSection
	GlobalSection(SolutionProperties) = preSolution
		HideSolutionNode = FALSE
	EndGlobalSection
	GlobalSection(ExtensibilityGlobals) = postSolution
		SolutionGuid = {DD810EAA-D0C2-4559-AA11-B0A386E017B8}
	EndGlobalSection
EndGlobal
